
Microsoft Visual Studio Solution File, Format Version 12.00
# Visual Studio Version 17
VisualStudioVersion = 17.7.33711.374
MinimumVisualStudioVersion = 10.0.40219.1
Project("{FAE04EC0-301F-11D3-BF4B-00C04F79EFBC}") = "GunaPatcher", "GunaPatcher\GunaPatcher.csproj", "{6A2203A1-EA52-477C-995C-9A351C910AB2}"
EndProject
Global
	GlobalSection(SolutionConfigurationPlatforms) = preSolution
		Debug|Any CPU = Debug|Any CPU
		Release|Any CPU = Release|Any CPU
	EndGlobalSection
	GlobalSection(ProjectConfigurationPlatforms) = postSolution
		{6A2203A1-EA52-477C-995C-9A351C910AB2}.Debug|Any CPU.ActiveCfg = Debug|Any CPU
		{6A2203A1-EA52-477C-995C-9A351C910AB2}.Debug|Any CPU.Build.0 = Debug|Any CPU
		{6A2203A1-EA52-477C-995C-9A351C910AB2}.Release|Any CPU.ActiveCfg = Release|Any CPU
		{6A2203A1-EA52-477C-995C-9A351C910AB2}.Release|Any CPU.Build.0 = Release|Any CPU
	EndGlobalSection
	GlobalSection(SolutionProperties) = preSolution
		HideSolutionNode = FALSE
	EndGlobalSection
	GlobalSection(ExtensibilityGlobals) = postSolution
		SolutionGuid = {8236E7D0-33E1-401D-9F3C-B1CE3A2C7FA3}
	EndGlobalSection
EndGlobal
